
Microsoft Visual Studio Solution File, Format Version 12.00
# Visual Studio Version 16
VisualStudioVersion = 16.0.30011.22
MinimumVisualStudioVersion = 10.0.40219.1
Project("{FAE04EC0-301F-11D3-BF4B-00C04F79EFBC}") = "DevExtremeResponsiveApp", "DevExtremeResponsiveApp.csproj", "{4A444681-62D3-42F6-A8D8-A7EE7D8F4491}"
EndProject
Global
	GlobalSection(SolutionConfigurationPlatforms) = preSolution
		Debug|Any CPU = Debug|Any CPU
		Release|Any CPU = Release|Any CPU
	EndGlobalSection
	GlobalSection(ProjectConfigurationPlatforms) = postSolution
		{4A444681-62D3-42F6-A8D8-A7EE7D8F4491}.Debug|Any CPU.ActiveCfg = Debug|Any CPU
		{4A444681-62D3-42F6-A8D8-A7EE7D8F4491}.Debug|Any CPU.Build.0 = Debug|Any CPU
		{4A444681-62D3-42F6-A8D8-A7EE7D8F4491}.Release|Any CPU.ActiveCfg = Release|Any CPU
		{4A444681-62D3-42F6-A8D8-A7EE7D8F4491}.Release|Any CPU.Build.0 = Release|Any CPU
	EndGlobalSection
	GlobalSection(SolutionProperties) = preSolution
		HideSolutionNode = FALSE
	EndGlobalSection
	GlobalSection(ExtensibilityGlobals) = postSolution
		SolutionGuid = {6F70F9DA-DD91-4655-906D-8ABFC44AA670}
	EndGlobalSection
EndGlobal
